
Microsoft Visual Studio Solution File, Format Version 12.00
# Visual Studio 15
VisualStudioVersion = 15.0.26730.16
MinimumVisualStudioVersion = 10.0.40219.1
Project("{FAE04EC0-301F-11D3-BF4B-00C04F79EFBC}") = "CalcuVanessa.Android", "CalcuVanessa\CalcuVanessa.Android\CalcuVanessa.Android.csproj", "{C4761A8C-E21C-47A7-969B-18B82E21E3AF}"
EndProject
Project("{FAE04EC0-301F-11D3-BF4B-00C04F79EFBC}") = "CalcuVanessa", "CalcuVanessa\CalcuVanessa\CalcuVanessa.csproj", "{8B084938-E01A-40AF-9EAE-F6A2FC13B33F}"
EndProject
Project("{FAE04EC0-301F-11D3-BF4B-00C04F79EFBC}") = "CalcuVanessa.UWP", "CalcuVanessa\CalcuVanessa.UWP\CalcuVanessa.UWP.csproj", "{8AD420D5-4917-452B-ADEB-4CEA6D2FA680}"
EndProject
Project("{FAE04EC0-301F-11D3-BF4B-00C04F79EFBC}") = "CalcuVanessa.iOS", "CalcuVanessa\CalcuVanessa.iOS\CalcuVanessa.iOS.csproj", "{7ECED088-7653-4703-9F41-8EA6EECCCA53}"
EndProject
Global
	GlobalSection(SolutionConfigurationPlatforms) = preSolution
		Ad-Hoc|Any CPU = Ad-Hoc|Any CPU
		Ad-Hoc|ARM = Ad-Hoc|ARM
		Ad-Hoc|iPhone = Ad-Hoc|iPhone
		Ad-Hoc|iPhoneSimulator = Ad-Hoc|iPhoneSimulator
		Ad-Hoc|x64 = Ad-Hoc|x64
		Ad-Hoc|x86 = Ad-Hoc|x86
		AppStore|Any CPU = AppStore|Any CPU
		AppStore|ARM = AppStore|ARM
		AppStore|iPhone = AppStore|iPhone
		AppStore|iPhoneSimulator = AppStore|iPhoneSimulator
		AppStore|x64 = AppStore|x64
		AppStore|x86 = AppStore|x86
		Debug|Any CPU = Debug|Any CPU
		Debug|ARM = Debug|ARM
		Debug|iPhone = Debug|iPhone
		Debug|iPhoneSimulator = Debug|iPhoneSimulator
		Debug|x64 = Debug|x64
		Debug|x86 = Debug|x86
		Release|Any CPU = Release|Any CPU
		Release|ARM = Release|ARM
		Release|iPhone = Release|iPhone
		Release|iPhoneSimulator = Release|iPhoneSimulator
		Release|x64 = Release|x64
		Release|x86 = Release|x86
	EndGlobalSection
	GlobalSection(ProjectConfigurationPlatforms) = postSolution
		{C4761A8C-E21C-47A7-969B-18B82E21E3AF}.Ad-Hoc|Any CPU.ActiveCfg = Release|Any CPU
		{C4761A8C-E21C-47A7-969B-18B82E21E3AF}.Ad-Hoc|Any CPU.Build.0 = Release|Any CPU
		{C4761A8C-E21C-47A7-969B-18B82E21E3AF}.Ad-Hoc|Any CPU.Deploy.0 = Release|Any CPU
		{C4761A8C-E21C-47A7-969B-18B82E21E3AF}.Ad-Hoc|ARM.ActiveCfg = Release|Any CPU
		{C4761A8C-E21C-47A7-969B-18B82E21E3AF}.Ad-Hoc|ARM.Build.0 = Release|Any CPU
		{C4761A8C-E21C-47A7-969B-18B82E21E3AF}.Ad-Hoc|ARM.Deploy.0 = Release|Any CPU
		{C4761A8C-E21C-47A7-969B-18B82E21E3AF}.Ad-Hoc|iPhone.ActiveCfg = Release|Any CPU
		{C4761A8C-E21C-47A7-969B-18B82E21E3AF}.Ad-Hoc|iPhone.Build.0 = Release|Any CPU
		{C4761A8C-E21C-47A7-969B-18B82E21E3AF}.Ad-Hoc|iPhone.Deploy.0 = Release|Any CPU
		{C4761A8C-E21C-47A7-969B-18B82E21E3AF}.Ad-Hoc|iPhoneSimulator.ActiveCfg = Release|Any CPU
		{C4761A8C-E21C-47A7-969B-18B82E21E3AF}.Ad-Hoc|iPhoneSimulator.Build.0 = Release|Any CPU
		{C4761A8C-E21C-47A7-969B-18B82E21E3AF}.Ad-Hoc|iPhoneSimulator.Deploy.0 = Release|Any CPU
		{C4761A8C-E21C-47A7-969B-18B82E21E3AF}.Ad-Hoc|x64.ActiveCfg = Release|Any CPU
		{C4761A8C-E21C-47A7-969B-18B82E21E3AF}.Ad-Hoc|x64.Build.0 = Release|Any CPU
		{C4761A8C-E21C-47A7-969B-18B82E21E3AF}.Ad-Hoc|x64.Deploy.0 = Release|Any CPU
		{C4761A8C-E21C-47A7-969B-18B82E21E3AF}.Ad-Hoc|x86.ActiveCfg = Release|Any CPU
		{C4761A8C-E21C-47A7-969B-18B82E21E3AF}.Ad-Hoc|x86.Build.0 = Release|Any CPU
		{C4761A8C-E21C-47A7-969B-18B82E21E3AF}.Ad-Hoc|x86.Deploy.0 = Release|Any CPU
		{C4761A8C-E21C-47A7-969B-18B82E21E3AF}.AppStore|Any CPU.ActiveCfg = Release|Any CPU
		{C4761A8C-E21C-47A7-969B-18B82E21E3AF}.AppStore|Any CPU.Build.0 = Release|Any CPU
		{C4761A8C-E21C-47A7-969B-18B82E21E3AF}.AppStore|Any CPU.Deploy.0 = Release|Any CPU
		{C4761A8C-E21C-47A7-969B-18B82E21E3AF}.AppStore|ARM.ActiveCfg = Release|Any CPU
		{C4761A8C-E21C-47A7-969B-18B82E21E3AF}.AppStore|ARM.Build.0 = Release|Any CPU
		{C4761A8C-E21C-47A7-969B-18B82E21E3AF}.AppStore|ARM.Deploy.0 = Release|Any CPU
		{C4761A8C-E21C-47A7-969B-18B82E21E3AF}.AppStore|iPhone.ActiveCfg = Release|Any CPU
		{C4761A8C-E21C-47A7-969B-18B82E21E3AF}.AppStore|iPhone.Build.0 = Release|Any CPU
		{C4761A8C-E21C-47A7-969B-18B82E21E3AF}.AppStore|iPhone.Deploy.0 = Release|Any CPU
		{C4761A8C-E21C-47A7-969B-18B82E21E3AF}.AppStore|iPhoneSimulator.ActiveCfg = Release|Any CPU
		{C4761A8C-E21C-47A7-969B-18B82E21E3AF}.AppStore|iPhoneSimulator.Build.0 = Release|Any CPU
		{C4761A8C-E21C-47A7-969B-18B82E21E3AF}.AppStore|iPhoneSimulator.Deploy.0 = Release|Any CPU
		{C4761A8C-E21C-47A7-969B-18B82E21E3AF}.AppStore|x64.ActiveCfg = Release|Any CPU
		{C4761A8C-E21C-47A7-969B-18B82E21E3AF}.AppStore|x64.Build.0 = Release|Any CPU
		{C4761A8C-E21C-47A7-969B-18B82E21E3AF}.AppStore|x64.Deploy.0 = Release|Any CPU
		{C4761A8C-E21C-47A7-969B-18B82E21E3AF}.AppStore|x86.ActiveCfg = Release|Any CPU
		{C4761A8C-E21C-47A7-969B-18B82E21E3AF}.AppStore|x86.Build.0 = Release|Any CPU
		{C4761A8C-E21C-47A7-969B-18B82E21E3AF}.AppStore|x86.Deploy.0 = Release|Any CPU
		{C4761A8C-E21C-47A7-969B-18B82E21E3AF}.Debug|Any CPU.ActiveCfg = Debug|Any CPU
		{C4761A8C-E21C-47A7-969B-18B82E21E3AF}.Debug|Any CPU.Build.0 = Debug|Any CPU
		{C4761A8C-E21C-47A7-969B-18B82E21E3AF}.Debug|Any CPU.Deploy.0 = Debug|Any CPU
		{C4761A8C-E21C-47A7-969B-18B82E21E3AF}.Debug|ARM.ActiveCfg = Debug|Any CPU
		{C4761A8C-E21C-47A7-969B-18B82E21E3AF}.Debug|ARM.Build.0 = Debug|Any CPU
		{C4761A8C-E21C-47A7-969B-18B82E21E3AF}.Debug|ARM.Deploy.0 = Debug|Any CPU
		{C4761A8C-E21C-47A7-969B-18B82E21E3AF}.Debug|iPhone.ActiveCfg = Debug|Any CPU
		{C4761A8C-E21C-47A7-969B-18B82E21E3AF}.Debug|iPhone.Build.0 = Debug|Any CPU
		{C4761A8C-E21C-47A7-969B-18B82E21E3AF}.Debug|iPhone.Deploy.0 = Debug|Any CPU
		{C4761A8C-E21C-47A7-969B-18B82E21E3AF}.Debug|iPhoneSimulator.ActiveCfg = Debug|Any CPU
		{C4761A8C-E21C-47A7-969B-18B82E21E3AF}.Debug|iPhoneSimulator.Build.0 = Debug|Any CPU
		{C4761A8C-E21C-47A7-969B-18B82E21E3AF}.Debug|iPhoneSimulator.Deploy.0 = Debug|Any CPU
		{C4761A8C-E21C-47A7-969B-18B82E21E3AF}.Debug|x64.ActiveCfg = Debug|Any CPU
		{C4761A8C-E21C-47A7-969B-18B82E21E3AF}.Debug|x64.Build.0 = Debug|Any CPU
		{C4761A8C-E21C-47A7-969B-18B82E21E3AF}.Debug|x64.Deploy.0 = Debug|Any CPU
		{C4761A8C-E21C-47A7-969B-18B82E21E3AF}.Debug|x86.ActiveCfg = Debug|Any CPU
		{C4761A8C-E21C-47A7-969B-18B82E21E3AF}.Debug|x86.Build.0 = Debug|Any CPU
		{C4761A8C-E21C-47A7-969B-18B82E21E3AF}.Debug|x86.Deploy.0 = Debug|Any CPU
		{C4761A8C-E21C-47A7-969B-18B82E21E3AF}.Release|Any CPU.ActiveCfg = Release|Any CPU
		{C4761A8C-E21C-47A7-969B-18B82E21E3AF}.Release|Any CPU.Build.0 = Release|Any CPU
		{C4761A8C-E21C-47A7-969B-18B82E21E3AF}.Release|Any CPU.Deploy.0 = Release|Any CPU
		{C4761A8C-E21C-47A7-969B-18B82E21E3AF}.Release|ARM.ActiveCfg = Release|Any CPU
		{C4761A8C-E21C-47A7-969B-18B82E21E3AF}.Release|ARM.Build.0 = Release|Any CPU
		{C4761A8C-E21C-47A7-969B-18B82E21E3AF}.Release|ARM.Deploy.0 = Release|Any CPU
		{C4761A8C-E21C-47A7-969B-18B82E21E3AF}.Release|iPhone.ActiveCfg = Release|Any CPU
		{C4761A8C-E21C-47A7-969B-18B82E21E3AF}.Release|iPhone.Build.0 = Release|Any CPU
		{C4761A8C-E21C-47A7-969B-18B82E21E3AF}.Release|iPhone.Deploy.0 = Release|Any CPU
		{C4761A8C-E21C-47A7-969B-18B82E21E3AF}.Release|iPhoneSimulator.ActiveCfg = Release|Any CPU
		{C4761A8C-E21C-47A7-969B-18B82E21E3AF}.Release|iPhoneSimulator.Build.0 = Release|Any CPU
		{C4761A8C-E21C-47A7-969B-18B82E21E3AF}.Release|iPhoneSimulator.Deploy.0 = Release|Any CPU
		{C4761A8C-E21C-47A7-969B-18B82E21E3AF}.Release|x64.ActiveCfg = Release|Any CPU
		{C4761A8C-E21C-47A7-969B-18B82E21E3AF}.Release|x64.Build.0 = Release|Any CPU
		{C4761A8C-E21C-47A7-969B-18B82E21E3AF}.Release|x64.Deploy.0 = Release|Any CPU
		{C4761A8C-E21C-47A7-969B-18B82E21E3AF}.Release|x86.ActiveCfg = Release|Any CPU
		{C4761A8C-E21C-47A7-969B-18B82E21E3AF}.Release|x86.Build.0 = Release|Any CPU
		{C4761A8C-E21C-47A7-969B-18B82E21E3AF}.Release|x86.Deploy.0 = Release|Any CPU
		{8B084938-E01A-40AF-9EAE-F6A2FC13B33F}.Ad-Hoc|Any CPU.ActiveCfg = Release|Any CPU
		{8B084938-E01A-40AF-9EAE-F6A2FC13B33F}.Ad-Hoc|Any CPU.Build.0 = Release|Any CPU
		{8B084938-E01A-40AF-9EAE-F6A2FC13B33F}.Ad-Hoc|ARM.ActiveCfg = Release|Any CPU
		{8B084938-E01A-40AF-9EAE-F6A2FC13B33F}.Ad-Hoc|ARM.Build.0 = Release|Any CPU
		{8B084938-E01A-40AF-9EAE-F6A2FC13B33F}.Ad-Hoc|iPhone.ActiveCfg = Release|Any CPU
		{8B084938-E01A-40AF-9EAE-F6A2FC13B33F}.Ad-Hoc|iPhone.Build.0 = Release|Any CPU
		{8B084938-E01A-40AF-9EAE-F6A2FC13B33F}.Ad-Hoc|iPhoneSimulator.ActiveCfg = Release|Any CPU
		{8B084938-E01A-40AF-9EAE-F6A2FC13B33F}.Ad-Hoc|iPhoneSimulator.Build.0 = Release|Any CPU
		{8B084938-E01A-40AF-9EAE-F6A2FC13B33F}.Ad-Hoc|x64.ActiveCfg = Release|Any CPU
		{8B084938-E01A-40AF-9EAE-F6A2FC13B33F}.Ad-Hoc|x64.Build.0 = Release|Any CPU
		{8B084938-E01A-40AF-9EAE-F6A2FC13B33F}.Ad-Hoc|x86.ActiveCfg = Release|Any CPU
		{8B084938-E01A-40AF-9EAE-F6A2FC13B33F}.Ad-Hoc|x86.Build.0 = Release|Any CPU
		{8B084938-E01A-40AF-9EAE-F6A2FC13B33F}.AppStore|Any CPU.ActiveCfg = Release|Any CPU
		{8B084938-E01A-40AF-9EAE-F6A2FC13B33F}.AppStore|Any CPU.Build.0 = Release|Any CPU
		{8B084938-E01A-40AF-9EAE-F6A2FC13B33F}.AppStore|ARM.ActiveCfg = Release|Any CPU
		{8B084938-E01A-40AF-9EAE-F6A2FC13B33F}.AppStore|ARM.Build.0 = Release|Any CPU
		{8B084938-E01A-40AF-9EAE-F6A2FC13B33F}.AppStore|iPhone.ActiveCfg = Release|Any CPU
		{8B084938-E01A-40AF-9EAE-F6A2FC13B33F}.AppStore|iPhone.Build.0 = Release|Any CPU
		{8B084938-E01A-40AF-9EAE-F6A2FC13B33F}.AppStore|iPhoneSimulator.ActiveCfg = Release|Any CPU
		{8B084938-E01A-40AF-9EAE-F6A2FC13B33F}.AppStore|iPhoneSimulator.Build.0 = Release|Any CPU
		{8B084938-E01A-40AF-9EAE-F6A2FC13B33F}.AppStore|x64.ActiveCfg = Release|Any CPU
		{8B084938-E01A-40AF-9EAE-F6A2FC13B33F}.AppStore|x64.Build.0 = Release|Any CPU
		{8B084938-E01A-40AF-9EAE-F6A2FC13B33F}.AppStore|x86.ActiveCfg = Release|Any CPU
		{8B084938-E01A-40AF-9EAE-F6A2FC13B33F}.AppStore|x86.Build.0 = Release|Any CPU
		{8B084938-E01A-40AF-9EAE-F6A2FC13B33F}.Debug|Any CPU.ActiveCfg = Debug|Any CPU
		{8B084938-E01A-40AF-9EAE-F6A2FC13B33F}.Debug|Any CPU.Build.0 = Debug|Any CPU
		{8B084938-E01A-40AF-9EAE-F6A2FC13B33F}.Debug|ARM.ActiveCfg = Debug|Any CPU
		{8B084938-E01A-40AF-9EAE-F6A2FC13B33F}.Debug|ARM.Build.0 = Debug|Any CPU
		{8B084938-E01A-40AF-9EAE-F6A2FC13B33F}.Debug|iPhone.ActiveCfg = Debug|Any CPU
		{8B084938-E01A-40AF-9EAE-F6A2FC13B33F}.Debug|iPhone.Build.0 = Debug|Any CPU
		{8B084938-E01A-40AF-9EAE-F6A2FC13B33F}.Debug|iPhoneSimulator.ActiveCfg = Debug|Any CPU
		{8B084938-E01A-40AF-9EAE-F6A2FC13B33F}.Debug|iPhoneSimulator.Build.0 = Debug|Any CPU
		{8B084938-E01A-40AF-9EAE-F6A2FC13B33F}.Debug|x64.ActiveCfg = Debug|Any CPU
		{8B084938-E01A-40AF-9EAE-F6A2FC13B33F}.Debug|x64.Build.0 = Debug|Any CPU
		{8B084938-E01A-40AF-9EAE-F6A2FC13B33F}.Debug|x86.ActiveCfg = Debug|Any CPU
		{8B084938-E01A-40AF-9EAE-F6A2FC13B33F}.Debug|x86.Build.0 = Debug|Any CPU
		{8B084938-E01A-40AF-9EAE-F6A2FC13B33F}.Release|Any CPU.ActiveCfg = Release|Any CPU
		{8B084938-E01A-40AF-9EAE-F6A2FC13B33F}.Release|Any CPU.Build.0 = Release|Any CPU
		{8B084938-E01A-40AF-9EAE-F6A2FC13B33F}.Release|ARM.ActiveCfg = Release|Any CPU
		{8B084938-E01A-40AF-9EAE-F6A2FC13B33F}.Release|ARM.Build.0 = Release|Any CPU
		{8B084938-E01A-40AF-9EAE-F6A2FC13B33F}.Release|iPhone.ActiveCfg = Release|Any CPU
		{8B084938-E01A-40AF-9EAE-F6A2FC13B33F}.Release|iPhone.Build.0 = Release|Any CPU
		{8B084938-E01A-40AF-9EAE-F6A2FC13B33F}.Release|iPhoneSimulator.ActiveCfg = Release|Any CPU
		{8B084938-E01A-40AF-9EAE-F6A2FC13B33F}.Release|iPhoneSimulator.Build.0 = Release|Any CPU
		{8B084938-E01A-40AF-9EAE-F6A2FC13B33F}.Release|x64.ActiveCfg = Release|Any CPU
		{8B084938-E01A-40AF-9EAE-F6A2FC13B33F}.Release|x64.Build.0 = Release|Any CPU
		{8B084938-E01A-40AF-9EAE-F6A2FC13B33F}.Release|x86.ActiveCfg = Release|Any CPU
		{8B084938-E01A-40AF-9EAE-F6A2FC13B33F}.Release|x86.Build.0 = Release|Any CPU
		{8AD420D5-4917-452B-ADEB-4CEA6D2FA680}.Ad-Hoc|Any CPU.ActiveCfg = Release|x86
		{8AD420D5-4917-452B-ADEB-4CEA6D2FA680}.Ad-Hoc|Any CPU.Build.0 = Release|x86
		{8AD420D5-4917-452B-ADEB-4CEA6D2FA680}.Ad-Hoc|Any CPU.Deploy.0 = Release|x86
		{8AD420D5-4917-452B-ADEB-4CEA6D2FA680}.Ad-Hoc|ARM.ActiveCfg = Release|ARM
		{8AD420D5-4917-452B-ADEB-4CEA6D2FA680}.Ad-Hoc|ARM.Build.0 = Release|ARM
		{8AD420D5-4917-452B-ADEB-4CEA6D2FA680}.Ad-Hoc|ARM.Deploy.0 = Release|ARM
		{8AD420D5-4917-452B-ADEB-4CEA6D2FA680}.Ad-Hoc|iPhone.ActiveCfg = Release|x86
		{8AD420D5-4917-452B-ADEB-4CEA6D2FA680}.Ad-Hoc|iPhone.Build.0 = Release|x86
		{8AD420D5-4917-452B-ADEB-4CEA6D2FA680}.Ad-Hoc|iPhone.Deploy.0 = Release|x86
		{8AD420D5-4917-452B-ADEB-4CEA6D2FA680}.Ad-Hoc|iPhoneSimulator.ActiveCfg = Release|x86
		{8AD420D5-4917-452B-ADEB-4CEA6D2FA680}.Ad-Hoc|iPhoneSimulator.Build.0 = Release|x86
		{8AD420D5-4917-452B-ADEB-4CEA6D2FA680}.Ad-Hoc|iPhoneSimulator.Deploy.0 = Release|x86
		{8AD420D5-4917-452B-ADEB-4CEA6D2FA680}.Ad-Hoc|x64.ActiveCfg = Release|x64
		{8AD420D5-4917-452B-ADEB-4CEA6D2FA680}.Ad-Hoc|x64.Build.0 = Release|x64
		{8AD420D5-4917-452B-ADEB-4CEA6D2FA680}.Ad-Hoc|x64.Deploy.0 = Release|x64
		{8AD420D5-4917-452B-ADEB-4CEA6D2FA680}.Ad-Hoc|x86.ActiveCfg = Release|x86
		{8AD420D5-4917-452B-ADEB-4CEA6D2FA680}.Ad-Hoc|x86.Build.0 = Release|x86
		{8AD420D5-4917-452B-ADEB-4CEA6D2FA680}.Ad-Hoc|x86.Deploy.0 = Release|x86
		{8AD420D5-4917-452B-ADEB-4CEA6D2FA680}.AppStore|Any CPU.ActiveCfg = Release|x86
		{8AD420D5-4917-452B-ADEB-4CEA6D2FA680}.AppStore|Any CPU.Build.0 = Release|x86
		{8AD420D5-4917-452B-ADEB-4CEA6D2FA680}.AppStore|Any CPU.Deploy.0 = Release|x86
		{8AD420D5-4917-452B-ADEB-4CEA6D2FA680}.AppStore|ARM.ActiveCfg = Release|ARM
		{8AD420D5-4917-452B-ADEB-4CEA6D2FA680}.AppStore|ARM.Build.0 = Release|ARM
		{8AD420D5-4917-452B-ADEB-4CEA6D2FA680}.AppStore|ARM.Deploy.0 = Release|ARM
		{8AD420D5-4917-452B-ADEB-4CEA6D2FA680}.AppStore|iPhone.ActiveCfg = Release|x86
		{8AD420D5-4917-452B-ADEB-4CEA6D2FA680}.AppStore|iPhone.Build.0 = Release|x86
		{8AD420D5-4917-452B-ADEB-4CEA6D2FA680}.AppStore|iPhone.Deploy.0 = Release|x86
		{8AD420D5-4917-452B-ADEB-4CEA6D2FA680}.AppStore|iPhoneSimulator.ActiveCfg = Release|x86
		{8AD420D5-4917-452B-ADEB-4CEA6D2FA680}.AppStore|iPhoneSimulator.Build.0 = Release|x86
		{8AD420D5-4917-452B-ADEB-4CEA6D2FA680}.AppStore|iPhoneSimulator.Deploy.0 = Release|x86
		{8AD420D5-4917-452B-ADEB-4CEA6D2FA680}.AppStore|x64.ActiveCfg = Release|x64
		{8AD420D5-4917-452B-ADEB-4CEA6D2FA680}.AppStore|x64.Build.0 = Release|x64
		{8AD420D5-4917-452B-ADEB-4CEA6D2FA680}.AppStore|x64.Deploy.0 = Release|x64
		{8AD420D5-4917-452B-ADEB-4CEA6D2FA680}.AppStore|x86.ActiveCfg = Release|x86
		{8AD420D5-4917-452B-ADEB-4CEA6D2FA680}.AppStore|x86.Build.0 = Release|x86
		{8AD420D5-4917-452B-ADEB-4CEA6D2FA680}.AppStore|x86.Deploy.0 = Release|x86
		{8AD420D5-4917-452B-ADEB-4CEA6D2FA680}.Debug|Any CPU.ActiveCfg = Debug|x86
		{8AD420D5-4917-452B-ADEB-4CEA6D2FA680}.Debug|ARM.ActiveCfg = Debug|ARM
		{8AD420D5-4917-452B-ADEB-4CEA6D2FA680}.Debug|ARM.Build.0 = Debug|ARM
		{8AD420D5-4917-452B-ADEB-4CEA6D2FA680}.Debug|ARM.Deploy.0 = Debug|ARM
		{8AD420D5-4917-452B-ADEB-4CEA6D2FA680}.Debug|iPhone.ActiveCfg = Debug|x86
		{8AD420D5-4917-452B-ADEB-4CEA6D2FA680}.Debug|iPhoneSimulator.ActiveCfg = Debug|x86
		{8AD420D5-4917-452B-ADEB-4CEA6D2FA680}.Debug|x64.ActiveCfg = Debug|x64
		{8AD420D5-4917-452B-ADEB-4CEA6D2FA680}.Debug|x64.Build.0 = Debug|x64
		{8AD420D5-4917-452B-ADEB-4CEA6D2FA680}.Debug|x64.Deploy.0 = Debug|x64
		{8AD420D5-4917-452B-ADEB-4CEA6D2FA680}.Debug|x86.ActiveCfg = Debug|x86
		{8AD420D5-4917-452B-ADEB-4CEA6D2FA680}.Debug|x86.Build.0 = Debug|x86
		{8AD420D5-4917-452B-ADEB-4CEA6D2FA680}.Debug|x86.Deploy.0 = Debug|x86
		{8AD420D5-4917-452B-ADEB-4CEA6D2FA680}.Release|Any CPU.ActiveCfg = Release|x86
		{8AD420D5-4917-452B-ADEB-4CEA6D2FA680}.Release|ARM.ActiveCfg = Release|ARM
		{8AD420D5-4917-452B-ADEB-4CEA6D2FA680}.Release|ARM.Build.0 = Release|ARM
		{8AD420D5-4917-452B-ADEB-4CEA6D2FA680}.Release|ARM.Deploy.0 = Release|ARM
		{8AD420D5-4917-452B-ADEB-4CEA6D2FA680}.Release|iPhone.ActiveCfg = Release|x86
		{8AD420D5-4917-452B-ADEB-4CEA6D2FA680}.Release|iPhoneSimulator.ActiveCfg = Release|x86
		{8AD420D5-4917-452B-ADEB-4CEA6D2FA680}.Release|x64.ActiveCfg = Release|x64
		{8AD420D5-4917-452B-ADEB-4CEA6D2FA680}.Release|x64.Build.0 = Release|x64
		{8AD420D5-4917-452B-ADEB-4CEA6D2FA680}.Release|x64.Deploy.0 = Release|x64
		{8AD420D5-4917-452B-ADEB-4CEA6D2FA680}.Release|x86.ActiveCfg = Release|x86
		{8AD420D5-4917-452B-ADEB-4CEA6D2FA680}.Release|x86.Build.0 = Release|x86
		{8AD420D5-4917-452B-ADEB-4CEA6D2FA680}.Release|x86.Deploy.0 = Release|x86
		{7ECED088-7653-4703-9F41-8EA6EECCCA53}.Ad-Hoc|Any CPU.ActiveCfg = Ad-Hoc|iPhone
		{7ECED088-7653-4703-9F41-8EA6EECCCA53}.Ad-Hoc|ARM.ActiveCfg = Ad-Hoc|iPhone
		{7ECED088-7653-4703-9F41-8EA6EECCCA53}.Ad-Hoc|iPhone.ActiveCfg = Ad-Hoc|iPhone
		{7ECED088-7653-4703-9F41-8EA6EECCCA53}.Ad-Hoc|iPhone.Build.0 = Ad-Hoc|iPhone
		{7ECED088-7653-4703-9F41-8EA6EECCCA53}.Ad-Hoc|iPhoneSimulator.ActiveCfg = Ad-Hoc|iPhoneSimulator
		{7ECED088-7653-4703-9F41-8EA6EECCCA53}.Ad-Hoc|iPhoneSimulator.Build.0 = Ad-Hoc|iPhoneSimulator
		{7ECED088-7653-4703-9F41-8EA6EECCCA53}.Ad-Hoc|x64.ActiveCfg = Ad-Hoc|iPhone
		{7ECED088-7653-4703-9F41-8EA6EECCCA53}.Ad-Hoc|x86.ActiveCfg = Ad-Hoc|iPhone
		{7ECED088-7653-4703-9F41-8EA6EECCCA53}.AppStore|Any CPU.ActiveCfg = AppStore|iPhone
		{7ECED088-7653-4703-9F41-8EA6EECCCA53}.AppStore|ARM.ActiveCfg = AppStore|iPhone
		{7ECED088-7653-4703-9F41-8EA6EECCCA53}.AppStore|iPhone.ActiveCfg = AppStore|iPhone
		{7ECED088-7653-4703-9F41-8EA6EECCCA53}.AppStore|iPhone.Build.0 = AppStore|iPhone
		{7ECED088-7653-4703-9F41-8EA6EECCCA53}.AppStore|iPhoneSimulator.ActiveCfg = AppStore|iPhoneSimulator
		{7ECED088-7653-4703-9F41-8EA6EECCCA53}.AppStore|iPhoneSimulator.Build.0 = AppStore|iPhoneSimulator
		{7ECED088-7653-4703-9F41-8EA6EECCCA53}.AppStore|x64.ActiveCfg = AppStore|iPhone
		{7ECED088-7653-4703-9F41-8EA6EECCCA53}.AppStore|x86.ActiveCfg = AppStore|iPhone
		{7ECED088-7653-4703-9F41-8EA6EECCCA53}.Debug|Any CPU.ActiveCfg = Debug|iPhone
		{7ECED088-7653-4703-9F41-8EA6EECCCA53}.Debug|ARM.ActiveCfg = Debug|iPhone
		{7ECED088-7653-4703-9F41-8EA6EECCCA53}.Debug|iPhone.ActiveCfg = Debug|iPhone
		{7ECED088-7653-4703-9F41-8EA6EECCCA53}.Debug|iPhone.Build.0 = Debug|iPhone
		{7ECED088-7653-4703-9F41-8EA6EECCCA53}.Debug|iPhoneSimulator.ActiveCfg = Debug|iPhoneSimulator
		{7ECED088-7653-4703-9F41-8EA6EECCCA53}.Debug|iPhoneSimulator.Build.0 = Debug|iPhoneSimulator
		{7ECED088-7653-4703-9F41-8EA6EECCCA53}.Debug|x64.ActiveCfg = Debug|iPhone
		{7ECED088-7653-4703-9F41-8EA6EECCCA53}.Debug|x86.ActiveCfg = Debug|iPhone
		{7ECED088-7653-4703-9F41-8EA6EECCCA53}.Release|Any CPU.ActiveCfg = Release|iPhone
		{7ECED088-7653-4703-9F41-8EA6EECCCA53}.Release|ARM.ActiveCfg = Release|iPhone
		{7ECED088-7653-4703-9F41-8EA6EECCCA53}.Release|iPhone.ActiveCfg = Release|iPhone
		{7ECED088-7653-4703-9F41-8EA6EECCCA53}.Release|iPhone.Build.0 = Release|iPhone
		{7ECED088-7653-4703-9F41-8EA6EECCCA53}.Release|iPhoneSimulator.ActiveCfg = Release|iPhoneSimulator
		{7ECED088-7653-4703-9F41-8EA6EECCCA53}.Release|iPhoneSimulator.Build.0 = Release|iPhoneSimulator
		{7ECED088-7653-4703-9F41-8EA6EECCCA53}.Release|x64.ActiveCfg = Release|iPhone
		{7ECED088-7653-4703-9F41-8EA6EECCCA53}.Release|x86.ActiveCfg = Release|iPhone
	EndGlobalSection
	GlobalSection(SolutionProperties) = preSolution
		HideSolutionNode = FALSE
	EndGlobalSection
	GlobalSection(ExtensibilityGlobals) = postSolution
		SolutionGuid = {1155752E-108B-4E9E-86BA-CB4D3356177C}
	EndGlobalSection
EndGlobal
